
Microsoft Visual Studio Solution File, Format Version 12.00
# Visual Studio 14
VisualStudioVersion = 14.0.24720.0
MinimumVisualStudioVersion = 10.0.40219.1
Project("{2150E333-8FDC-42A3-9474-1A3956D46DE8}") = "Data", "Data", "{2059CE29-CD7D-44F0-8018-6A8C5014713A}"
EndProject
Project("{2150E333-8FDC-42A3-9474-1A3956D46DE8}") = "Services", "Services", "{E9C40305-0DCA-462A-849C-51A94BC5D961}"
EndProject
Project("{2150E333-8FDC-42A3-9474-1A3956D46DE8}") = "Web", "Web", "{7BF6BCD7-02C6-4F6D-BE8D-415A77CC1077}"
EndProject
Project("{FAE04EC0-301F-11D3-BF4B-00C04F79EFBC}") = "StackFaceSystem.Web", "Web\StackFaceSystem.Web\StackFaceSystem.Web.csproj", "{3B0F32E1-F2C7-4BD4-9563-6B77E57A583F}"
EndProject
Project("{FAE04EC0-301F-11D3-BF4B-00C04F79EFBC}") = "StackFaceSystem.Data", "Data\StackFaceSystem.Data\StackFaceSystem.Data.csproj", "{8B022DCE-31D7-4A23-A1E8-7CFB57BC8211}"
EndProject
Project("{FAE04EC0-301F-11D3-BF4B-00C04F79EFBC}") = "StackFaceSystem.Data.Models", "Data\StackFaceSystem.Data.Models\StackFaceSystem.Data.Models.csproj", "{60DC7A6F-D7CD-4138-B80D-DF61045A656C}"
EndProject
Project("{FAE04EC0-301F-11D3-BF4B-00C04F79EFBC}") = "StackFaceSystem.Data.Common", "Data\StackFaceSystem.Data.Common\StackFaceSystem.Data.Common.csproj", "{36F9FE63-9388-4158-A12E-492016C98B81}"
EndProject
Project("{FAE04EC0-301F-11D3-BF4B-00C04F79EFBC}") = "StackFaceSystem.Services.Data", "Services\StackFaceSystem.Services.Data\StackFaceSystem.Services.Data.csproj", "{D955AD28-394B-4376-AAF4-9092A0305122}"
EndProject
Project("{FAE04EC0-301F-11D3-BF4B-00C04F79EFBC}") = "StackFaceSystem.Services.Common", "Services\StackFaceSystem.Services.Common\StackFaceSystem.Services.Common.csproj", "{F07B19E4-66A7-4BF9-ADFC-FACD0F848D96}"
EndProject
Global
	GlobalSection(SolutionConfigurationPlatforms) = preSolution
		Debug|Any CPU = Debug|Any CPU
		Release|Any CPU = Release|Any CPU
	EndGlobalSection
	GlobalSection(ProjectConfigurationPlatforms) = postSolution
		{3B0F32E1-F2C7-4BD4-9563-6B77E57A583F}.Debug|Any CPU.ActiveCfg = Debug|Any CPU
		{3B0F32E1-F2C7-4BD4-9563-6B77E57A583F}.Debug|Any CPU.Build.0 = Debug|Any CPU
		{3B0F32E1-F2C7-4BD4-9563-6B77E57A583F}.Release|Any CPU.ActiveCfg = Release|Any CPU
		{3B0F32E1-F2C7-4BD4-9563-6B77E57A583F}.Release|Any CPU.Build.0 = Release|Any CPU
		{8B022DCE-31D7-4A23-A1E8-7CFB57BC8211}.Debug|Any CPU.ActiveCfg = Debug|Any CPU
		{8B022DCE-31D7-4A23-A1E8-7CFB57BC8211}.Debug|Any CPU.Build.0 = Debug|Any CPU
		{8B022DCE-31D7-4A23-A1E8-7CFB57BC8211}.Release|Any CPU.ActiveCfg = Release|Any CPU
		{8B022DCE-31D7-4A23-A1E8-7CFB57BC8211}.Release|Any CPU.Build.0 = Release|Any CPU
		{60DC7A6F-D7CD-4138-B80D-DF61045A656C}.Debug|Any CPU.ActiveCfg = Debug|Any CPU
		{60DC7A6F-D7CD-4138-B80D-DF61045A656C}.Debug|Any CPU.Build.0 = Debug|Any CPU
		{60DC7A6F-D7CD-4138-B80D-DF61045A656C}.Release|Any CPU.ActiveCfg = Release|Any CPU
		{60DC7A6F-D7CD-4138-B80D-DF61045A656C}.Release|Any CPU.Build.0 = Release|Any CPU
		{36F9FE63-9388-4158-A12E-492016C98B81}.Debug|Any CPU.ActiveCfg = Debug|Any CPU
		{36F9FE63-9388-4158-A12E-492016C98B81}.Debug|Any CPU.Build.0 = Debug|Any CPU
		{36F9FE63-9388-4158-A12E-492016C98B81}.Release|Any CPU.ActiveCfg = Release|Any CPU
		{36F9FE63-9388-4158-A12E-492016C98B81}.Release|Any CPU.Build.0 = Release|Any CPU
		{D955AD28-394B-4376-AAF4-9092A0305122}.Debug|Any CPU.ActiveCfg = Debug|Any CPU
		{D955AD28-394B-4376-AAF4-9092A0305122}.Debug|Any CPU.Build.0 = Debug|Any CPU
		{D955AD28-394B-4376-AAF4-9092A0305122}.Release|Any CPU.ActiveCfg = Release|Any CPU
		{D955AD28-394B-4376-AAF4-9092A0305122}.Release|Any CPU.Build.0 = Release|Any CPU
		{F07B19E4-66A7-4BF9-ADFC-FACD0F848D96}.Debug|Any CPU.ActiveCfg = Debug|Any CPU
		{F07B19E4-66A7-4BF9-ADFC-FACD0F848D96}.Debug|Any CPU.Build.0 = Debug|Any CPU
		{F07B19E4-66A7-4BF9-ADFC-FACD0F848D96}.Release|Any CPU.ActiveCfg = Release|Any CPU
		{F07B19E4-66A7-4BF9-ADFC-FACD0F848D96}.Release|Any CPU.Build.0 = Release|Any CPU
	EndGlobalSection
	GlobalSection(SolutionProperties) = preSolution
		HideSolutionNode = FALSE
	EndGlobalSection
	GlobalSection(NestedProjects) = preSolution
		{3B0F32E1-F2C7-4BD4-9563-6B77E57A583F} = {7BF6BCD7-02C6-4F6D-BE8D-415A77CC1077}
		{8B022DCE-31D7-4A23-A1E8-7CFB57BC8211} = {2059CE29-CD7D-44F0-8018-6A8C5014713A}
		{60DC7A6F-D7CD-4138-B80D-DF61045A656C} = {2059CE29-CD7D-44F0-8018-6A8C5014713A}
		{36F9FE63-9388-4158-A12E-492016C98B81} = {2059CE29-CD7D-44F0-8018-6A8C5014713A}
		{D955AD28-394B-4376-AAF4-9092A0305122} = {E9C40305-0DCA-462A-849C-51A94BC5D961}
		{F07B19E4-66A7-4BF9-ADFC-FACD0F848D96} = {E9C40305-0DCA-462A-849C-51A94BC5D961}
	EndGlobalSection
EndGlobal
